// !$*UTF8*$!
{
	archiveVersion = 1;
	classes = {
	};
	objectVersion = 50;
	objects = {

/* Begin PBXBuildFile section */
		1816DAE8231087B400AC364F /* AppDelegate.swift in Sources */ = {isa = PBXBuildFile; fileRef = 1816DAE7231087B400AC364F /* AppDelegate.swift */; };
		1816DAEA231087B400AC364F /* ViewController.swift in Sources */ = {isa = PBXBuildFile; fileRef = 1816DAE9231087B400AC364F /* ViewController.swift */; };
		1816DAED231087B400AC364F /* Main.storyboard in Resources */ = {isa = PBXBuildFile; fileRef = 1816DAEB231087B400AC364F /* Main.storyboard */; };
		1816DAEF231087B500AC364F /* Assets.xcassets in Resources */ = {isa = PBXBuildFile; fileRef = 1816DAEE231087B500AC364F /* Assets.xcassets */; };
		1816DAF2231087B500AC364F /* LaunchScreen.storyboard in Resources */ = {isa = PBXBuildFile; fileRef = 1816DAF0231087B500AC364F /* LaunchScreen.storyboard */; };
		1816DAFA231095EC00AC364F /* SongCell.swift in Sources */ = {isa = PBXBuildFile; fileRef = 1816DAF9231095EC00AC364F /* SongCell.swift */; };
		18DE0F1523113C340013628B /* Song.swift in Sources */ = {isa = PBXBuildFile; fileRef = 18DE0F1423113C340013628B /* Song.swift */; };
		18DFBC8F231469AD0029D47C /* MiniSongPlayerViewController.swift in Sources */ = {isa = PBXBuildFile; fileRef = 18DFBC8E231469AD0029D47C /* MiniSongPlayerViewController.swift */; };
		18DFBC92231473390029D47C /* Image.swift in Sources */ = {isa = PBXBuildFile; fileRef = 18DFBC91231473390029D47C /* Image.swift */; };
/* End PBXBuildFile section */

/* Begin PBXFileReference section */
		1816DAE4231087B400AC364F /* apple-music-transition.app */ = {isa = PBXFileReference; explicitFileType = wrapper.application; includeInIndex = 0; path = "apple-music-transition.app"; sourceTree = BUILT_PRODUCTS_DIR; };
		1816DAE7231087B400AC364F /* AppDelegate.swift */ = {isa = PBXFileReference; lastKnownFileType = sourcecode.swift; path = AppDelegate.swift; sourceTree = "<group>"; };
		1816DAE9231087B400AC364F /* ViewController.swift */ = {isa = PBXFileReference; lastKnownFileType = sourcecode.swift; path = ViewController.swift; sourceTree = "<group>"; };
		1816DAEC231087B400AC364F /* Base */ = {isa = PBXFileReference; lastKnownFileType = file.storyboard; name = Base; path = Base.lproj/Main.storyboard; sourceTree = "<group>"; };
		1816DAEE231087B500AC364F /* Assets.xcassets */ = {isa = PBXFileReference; lastKnownFileType = folder.assetcatalog; path = Assets.xcassets; sourceTree = "<group>"; };
		1816DAF1231087B500AC364F /* Base */ = {isa = PBXFileReference; lastKnownFileType = file.storyboard; name = Base; path = Base.lproj/LaunchScreen.storyboard; sourceTree = "<group>"; };
		1816DAF3231087B500AC364F /* Info.plist */ = {isa = PBXFileReference; lastKnownFileType = text.plist.xml; path = Info.plist; sourceTree = "<group>"; };
		1816DAF9231095EC00AC364F /* SongCell.swift */ = {isa = PBXFileReference; lastKnownFileType = sourcecode.swift; path = SongCell.swift; sourceTree = "<group>"; };
		18DE0F1423113C340013628B /* Song.swift */ = {isa = PBXFileReference; lastKnownFileType = sourcecode.swift; path = Song.swift; sourceTree = "<group>"; };
		18DFBC8E231469AD0029D47C /* MiniSongPlayerViewController.swift */ = {isa = PBXFileReference; lastKnownFileType = sourcecode.swift; path = MiniSongPlayerViewController.swift; sourceTree = "<group>"; };
		18DFBC91231473390029D47C /* Image.swift */ = {isa = PBXFileReference; lastKnownFileType = sourcecode.swift; path = Image.swift; sourceTree = "<group>"; };
/* End PBXFileReference section */

/* Begin PBXFrameworksBuildPhase section */
		1816DAE1231087B400AC364F /* Frameworks */ = {
			isa = PBXFrameworksBuildPhase;
			buildActionMask = 2147483647;
			files = (
			);
			runOnlyForDeploymentPostprocessing = 0;
		};
/* End PBXFrameworksBuildPhase section */

/* Begin PBXGroup section */
		1816DADB231087B400AC364F = {
			isa = PBXGroup;
			children = (
				1816DAE6231087B400AC364F /* apple-music-transition */,
				1816DAE5231087B400AC364F /* Products */,
			);
			sourceTree = "<group>";
		};
		1816DAE5231087B400AC364F /* Products */ = {
			isa = PBXGroup;
			children = (
				1816DAE4231087B400AC364F /* apple-music-transition.app */,
			);
			name = Products;
			sourceTree = "<group>";
		};
		1816DAE6231087B400AC364F /* apple-music-transition */ = {
			isa = PBXGroup;
			children = (
				18DFBC902314731C0029D47C /* Utils */,
				18DE0F1623113C520013628B /* Views */,
				18DE0F1323113C210013628B /* Model */,
				1816DAE7231087B400AC364F /* AppDelegate.swift */,
				1816DAE9231087B400AC364F /* ViewController.swift */,
				1816DAEB231087B400AC364F /* Main.storyboard */,
				1816DAEE231087B500AC364F /* Assets.xcassets */,
				1816DAF0231087B500AC364F /* LaunchScreen.storyboard */,
				1816DAF3231087B500AC364F /* Info.plist */,
				18DFBC8E231469AD0029D47C /* MiniSongPlayerViewController.swift */,
			);
			path = "apple-music-transition";
			sourceTree = "<group>";
		};
		18DE0F1323113C210013628B /* Model */ = {
			isa = PBXGroup;
			children = (
				18DE0F1423113C340013628B /* Song.swift */,
			);
			path = Model;
			sourceTree = "<group>";
		};
		18DE0F1623113C520013628B /* Views */ = {
			isa = PBXGroup;
			children = (
				1816DAF9231095EC00AC364F /* SongCell.swift */,
			);
			path = Views;
			sourceTree = "<group>";
		};
		18DFBC902314731C0029D47C /* Utils */ = {
			isa = PBXGroup;
			children = (
				18DFBC91231473390029D47C /* Image.swift */,
			);
			path = Utils;
			sourceTree = "<group>";
		};
/* End PBXGroup section */

/* Begin PBXNativeTarget section */
		1816DAE3231087B400AC364F /* apple-music-transition */ = {
			isa = PBXNativeTarget;
			buildConfigurationList = 1816DAF6231087B500AC364F /* Build configuration list for PBXNativeTarget "apple-music-transition" */;
			buildPhases = (
				1816DAE0231087B400AC364F /* Sources */,
				1816DAE1231087B400AC364F /* Frameworks */,
				1816DAE2231087B400AC364F /* Resources */,
			);
			buildRules = (
			);
			dependencies = (
			);
			name = "apple-music-transition";
			productName = "apple-music-transition";
			productReference = 1816DAE4231087B400AC364F /* apple-music-transition.app */;
			productType = "com.apple.product-type.application";
		};
/* End PBXNativeTarget section */

/* Begin PBXProject section */
		1816DADC231087B400AC364F /* Project object */ = {
			isa = PBXProject;
			attributes = {
				LastSwiftUpdateCheck = 1020;
				LastUpgradeCheck = 1020;
				ORGANIZATIONNAME = devberg;
				TargetAttributes = {
					1816DAE3231087B400AC364F = {
						CreatedOnToolsVersion = 10.2.1;
					};
				};
			};
			buildConfigurationList = 1816DADF231087B400AC364F /* Build configuration list for PBXProject "apple-music-transition" */;
			compatibilityVersion = "Xcode 9.3";
			developmentRegion = en;
			hasScannedForEncodings = 0;
			knownRegions = (
				en,
				Base,
			);
			mainGroup = 1816DADB231087B400AC364F;
			productRefGroup = 1816DAE5231087B400AC364F /* Products */;
			projectDirPath = "";
			projectRoot = "";
			targets = (
				1816DAE3231087B400AC364F /* apple-music-transition */,
			);
		};
/* End PBXProject section */

/* Begin PBXResourcesBuildPhase section */
		1816DAE2231087B400AC364F /* Resources */ = {
			isa = PBXResourcesBuildPhase;
			buildActionMask = 2147483647;
			files = (
				1816DAF2231087B500AC364F /* LaunchScreen.storyboard in Resources */,
				1816DAEF231087B500AC364F /* Assets.xcassets in Resources */,
				1816DAED231087B400AC364F /* Main.storyboard in Resources */,
			);
			runOnlyForDeploymentPostprocessing = 0;
		};
/* End PBXResourcesBuildPhase section */

/* Begin PBXSourcesBuildPhase section */
		1816DAE0231087B400AC364F /* Sources */ = {
			isa = PBXSourcesBuildPhase;
			buildActionMask = 2147483647;
			files = (
				18DE0F1523113C340013628B /* Song.swift in Sources */,
				18DFBC92231473390029D47C /* Image.swift in Sources */,
				1816DAEA231087B400AC364F /* ViewController.swift in Sources */,
				1816DAFA231095EC00AC364F /* SongCell.swift in Sources */,
				1816DAE8231087B400AC364F /* AppDelegate.swift in Sources */,
				18DFBC8F231469AD0029D47C /* MiniSongPlayerViewController.swift in Sources */,
			);
			runOnlyForDeploymentPostprocessing = 0;
		};
/* End PBXSourcesBuildPhase section */

/* Begin PBXVariantGroup section */
		1816DAEB231087B400AC364F /* Main.storyboard */ = {
			isa = PBXVariantGroup;
			children = (
				1816DAEC231087B400AC364F /* Base */,
			);
			name = Main.storyboard;
			sourceTree = "<group>";
		};
		1816DAF0231087B500AC364F /* LaunchScreen.storyboard */ = {
			isa = PBXVariantGroup;
			children = (
				1816DAF1231087B500AC364F /* Base */,
			);
			name = LaunchScreen.storyboard;
			sourceTree = "<group>";
		};
/* End PBXVariantGroup section */

/* Begin XCBuildConfiguration section */
		1816DAF4231087B500AC364F /* Debug */ = {
			isa = XCBuildConfiguration;
			buildSettings = {
				ALWAYS_SEARCH_USER_PATHS = NO;
				CLANG_ANALYZER_NONNULL = YES;
				CLANG_ANALYZER_NUMBER_OBJECT_CONVERSION = YES_AGGRESSIVE;
				CLANG_CXX_LANGUAGE_STANDARD = "gnu++14";
				CLANG_CXX_LIBRARY = "libc++";
				CLANG_ENABLE_MODULES = YES;
				CLANG_ENABLE_OBJC_ARC = YES;
				CLANG_ENABLE_OBJC_WEAK = YES;
				CLANG_WARN_BLOCK_CAPTURE_AUTORELEASING = YES;
				CLANG_WARN_BOOL_CONVERSION = YES;
				CLANG_WARN_COMMA = YES;
				CLANG_WARN_CONSTANT_CONVERSION = YES;
				CLANG_WARN_DEPRECATED_OBJC_IMPLEMENTATIONS = YES;
				CLANG_WARN_DIRECT_OBJC_ISA_USAGE = YES_ERROR;
				CLANG_WARN_DOCUMENTATION_COMMENTS = YES;
				CLANG_WARN_EMPTY_BODY = YES;
				CLANG_WARN_ENUM_CONVERSION = YES;
				CLANG_WARN_INFINITE_RECURSION = YES;
				CLANG_WARN_INT_CONVERSION = YES;
				CLANG_WARN_NON_LITERAL_NULL_CONVERSION = YES;
				CLANG_WARN_OBJC_IMPLICIT_RETAIN_SELF = YES;
				CLANG_WARN_OBJC_LITERAL_CONVERSION = YES;
				CLANG_WARN_OBJC_ROOT_CLASS = YES_ERROR;
				CLANG_WARN_RANGE_LOOP_ANALYSIS = YES;
				CLANG_WARN_STRICT_PROTOTYPES = YES;
				CLANG_WARN_SUSPICIOUS_MOVE = YES;
				CLANG_WARN_UNGUARDED_AVAILABILITY = YES_AGGRESSIVE;
				CLANG_WARN_UNREACHABLE_CODE = YES;
				CLANG_WARN__DUPLICATE_METHOD_MATCH = YES;
				CODE_SIGN_IDENTITY = "iPhone Developer";
				COPY_PHASE_STRIP = NO;
				DEBUG_INFORMATION_FORMAT = dwarf;
				ENABLE_STRICT_OBJC_MSGSEND = YES;
				ENABLE_TESTABILITY = YES;
				GCC_C_LANGUAGE_STANDARD = gnu11;
				GCC_DYNAMIC_NO_PIC = NO;
				GCC_NO_COMMON_BLOCKS = YES;
				GCC_OPTIMIZATION_LEVEL = 0;
				GCC_PREPROCESSOR_DEFINITIONS = (
					"DEBUG=1",
					"$(inherited)",
				);
				GCC_WARN_64_TO_32_BIT_CONVERSION = YES;
				GCC_WARN_ABOUT_RETURN_TYPE = YES_ERROR;
				GCC_WARN_UNDECLARED_SELECTOR = YES;
				GCC_WARN_UNINITIALIZED_AUTOS = YES_AGGRESSIVE;
				GCC_WARN_UNUSED_FUNCTION = YES;
				GCC_WARN_UNUSED_VARIABLE = YES;
				IPHONEOS_DEPLOYMENT_TARGET = 12.2;
				MTL_ENABLE_DEBUG_INFO = INCLUDE_SOURCE;
				MTL_FAST_MATH = YES;
				ONLY_ACTIVE_ARCH = YES;
				SDKROOT = iphoneos;
				SWIFT_ACTIVE_COMPILATION_CONDITIONS = DEBUG;
				SWIFT_OPTIMIZATION_LEVEL = "-Onone";
			};
			name = Debug;
		};
		1816DAF5231087B500AC364F /* Release */ = {
			isa = XCBuildConfiguration;
			buildSettings = {
				ALWAYS_SEARCH_USER_PATHS = NO;
				CLANG_ANALYZER_NONNULL = YES;
				CLANG_ANALYZER_NUMBER_OBJECT_CONVERSION = YES_AGGRESSIVE;
				CLANG_CXX_LANGUAGE_STANDARD = "gnu++14";
				CLANG_CXX_LIBRARY = "libc++";
				CLANG_ENABLE_MODULES = YES;
				CLANG_ENABLE_OBJC_ARC = YES;
				CLANG_ENABLE_OBJC_WEAK = YES;
				CLANG_WARN_BLOCK_CAPTURE_AUTORELEASING = YES;
				CLANG_WARN_BOOL_CONVERSION = YES;
				CLANG_WARN_COMMA = YES;
				CLANG_WARN_CONSTANT_CONVERSION = YES;
				CLANG_WARN_DEPRECATED_OBJC_IMPLEMENTATIONS = YES;
				CLANG_WARN_DIRECT_OBJC_ISA_USAGE = YES_ERROR;
				CLANG_WARN_DOCUMENTATION_COMMENTS = YES;
				CLANG_WARN_EMPTY_BODY = YES;
				CLANG_WARN_ENUM_CONVERSION = YES;
				CLANG_WARN_INFINITE_RECURSION = YES;
				CLANG_WARN_INT_CONVERSION = YES;
				CLANG_WARN_NON_LITERAL_NULL_CONVERSION = YES;
				CLANG_WARN_OBJC_IMPLICIT_RETAIN_SELF = YES;
				CLANG_WARN_OBJC_LITERAL_CONVERSION = YES;
				CLANG_WARN_OBJC_ROOT_CLASS = YES_ERROR;
				CLANG_WARN_RANGE_LOOP_ANALYSIS = YES;
				CLANG_WARN_STRICT_PROTOTYPES = YES;
				CLANG_WARN_SUSPICIOUS_MOVE = YES;
				CLANG_WARN_UNGUARDED_AVAILABILITY = YES_AGGRESSIVE;
				CLANG_WARN_UNREACHABLE_CODE = YES;
				CLANG_WARN__DUPLICATE_METHOD_MATCH = YES;
				CODE_SIGN_IDENTITY = "iPhone Developer";
				COPY_PHASE_STRIP = NO;
				DEBUG_INFORMATION_FORMAT = "dwarf-with-dsym";
				ENABLE_NS_ASSERTIONS = NO;
				ENABLE_STRICT_OBJC_MSGSEND = YES;
				GCC_C_LANGUAGE_STANDARD = gnu11;
				GCC_NO_COMMON_BLOCKS = YES;
				GCC_WARN_64_TO_32_BIT_CONVERSION = YES;
				GCC_WARN_ABOUT_RETURN_TYPE = YES_ERROR;
				GCC_WARN_UNDECLARED_SELECTOR = YES;
				GCC_WARN_UNINITIALIZED_AUTOS = YES_AGGRESSIVE;
				GCC_WARN_UNUSED_FUNCTION = YES;
				GCC_WARN_UNUSED_VARIABLE = YES;
				IPHONEOS_DEPLOYMENT_TARGET = 12.2;
				MTL_ENABLE_DEBUG_INFO = NO;
				MTL_FAST_MATH = YES;
				SDKROOT = iphoneos;
				SWIFT_COMPILATION_MODE = wholemodule;
				SWIFT_OPTIMIZATION_LEVEL = "-O";
				VALIDATE_PRODUCT = YES;
			};
			name = Release;
		};
		1816DAF7231087B500AC364F /* Debug */ = {
			isa = XCBuildConfiguration;
			buildSettings = {
				ASSETCATALOG_COMPILER_APPICON_NAME = AppIcon;
				CODE_SIGN_STYLE = Automatic;
				DEVELOPMENT_TEAM = KG23BB7G89;
				INFOPLIST_FILE = "apple-music-transition/Info.plist";
				LD_RUNPATH_SEARCH_PATHS = (
					"$(inherited)",
					"@executable_path/Frameworks",
				);
				PRODUCT_BUNDLE_IDENTIFIER = "pl.devberg.apple-music-transition";
				PRODUCT_NAME = "$(TARGET_NAME)";
				SWIFT_VERSION = 5.0;
				TARGETED_DEVICE_FAMILY = 1;
			};
			name = Debug;
		};
		1816DAF8231087B500AC364F /* Release */ = {
			isa = XCBuildConfiguration;
			buildSettings = {
				ASSETCATALOG_COMPILER_APPICON_NAME = AppIcon;
				CODE_SIGN_STYLE = Automatic;
				DEVELOPMENT_TEAM = KG23BB7G89;
				INFOPLIST_FILE = "apple-music-transition/Info.plist";
				LD_RUNPATH_SEARCH_PATHS = (
					"$(inherited)",
					"@executable_path/Frameworks",
				);
				PRODUCT_BUNDLE_IDENTIFIER = "pl.devberg.apple-music-transition";
				PRODUCT_NAME = "$(TARGET_NAME)";
				SWIFT_VERSION = 5.0;
				TARGETED_DEVICE_FAMILY = 1;
			};
			name = Release;
		};
/* End XCBuildConfiguration section */

/* Begin XCConfigurationList section */
		1816DADF231087B400AC364F /* Build configuration list for PBXProject "apple-music-transition" */ = {
			isa = XCConfigurationList;
			buildConfigurations = (
				1816DAF4231087B500AC364F /* Debug */,
				1816DAF5231087B500AC364F /* Release */,
			);
			defaultConfigurationIsVisible = 0;
			defaultConfigurationName = Release;
		};
		1816DAF6231087B500AC364F /* Build configuration list for PBXNativeTarget "apple-music-transition" */ = {
			isa = XCConfigurationList;
			buildConfigurations = (
				1816DAF7231087B500AC364F /* Debug */,
				1816DAF8231087B500AC364F /* Release */,
			);
			defaultConfigurationIsVisible = 0;
			defaultConfigurationName = Release;
		};
/* End XCConfigurationList section */
	};
	rootObject = 1816DADC231087B400AC364F /* Project object */;
}
